// !$*UTF8*$!
{
	archiveVersion = 1;
	classes = {
	};
	objectVersion = 46;
	objects = {

/* Begin PBXBuildFile section */
		8422604217E3067300F551C6 /* SPChallengeTests-Info.plist in Resources */ = {isa = PBXBuildFile; fileRef = 846B83B317DB283F0070F0F6 /* SPChallengeTests-Info.plist */; };
		8422609517E3181000F551C6 /* SponsorPayChallengeTests.m in Sources */ = {isa = PBXBuildFile; fileRef = 846B83B817DB283F0070F0F6 /* SponsorPayChallengeTests.m */; };
		8422609817E3190800F551C6 /* MBProgressHUD.m in Sources */ = {isa = PBXBuildFile; fileRef = 8422609617E3190800F551C6 /* MBProgressHUD.m */; };
		8433A41C17DC9CCE00E9BCCE /* PersistenceManager.m in Sources */ = {isa = PBXBuildFile; fileRef = 8433A41617DC9CCE00E9BCCE /* PersistenceManager.m */; };
		8433A41E17DC9CCE00E9BCCE /* DataAPI.m in Sources */ = {isa = PBXBuildFile; fileRef = 8433A41717DC9CCE00E9BCCE /* DataAPI.m */; };
		8433A42017DC9CCE00E9BCCE /* HTTPClient.m in Sources */ = {isa = PBXBuildFile; fileRef = 8433A41B17DC9CCE00E9BCCE /* HTTPClient.m */; };
		8433A42517DCAA4400E9BCCE /* ParamsList.m in Sources */ = {isa = PBXBuildFile; fileRef = 8433A42417DCAA4400E9BCCE /* ParamsList.m */; };
		8433A42A17DCDD6100E9BCCE /* NSString+sha1.m in Sources */ = {isa = PBXBuildFile; fileRef = 8433A42917DCDD6100E9BCCE /* NSString+sha1.m */; };
		8433A42F17DCF75D00E9BCCE /* mainLib.m in Sources */ = {isa = PBXBuildFile; fileRef = 8433A42E17DCF75D00E9BCCE /* mainLib.m */; };
		8445D45F17DE58C400C8A37E /* SPOffer.m in Sources */ = {isa = PBXBuildFile; fileRef = 8445D45E17DE58C400C8A37E /* SPOffer.m */; };
		8445D46717DE634300C8A37E /* OfferCell.m in Sources */ = {isa = PBXBuildFile; fileRef = 8445D46617DE634200C8A37E /* OfferCell.m */; };
		846B838517DB283F0070F0F6 /* UIKit.framework in Frameworks */ = {isa = PBXBuildFile; fileRef = 846B838417DB283F0070F0F6 /* UIKit.framework */; };
		846B838717DB283F0070F0F6 /* Foundation.framework in Frameworks */ = {isa = PBXBuildFile; fileRef = 846B838617DB283F0070F0F6 /* Foundation.framework */; };
		846B838917DB283F0070F0F6 /* CoreGraphics.framework in Frameworks */ = {isa = PBXBuildFile; fileRef = 846B838817DB283F0070F0F6 /* CoreGraphics.framework */; };
		846B838F17DB283F0070F0F6 /* InfoPlist.strings in Resources */ = {isa = PBXBuildFile; fileRef = 846B838D17DB283F0070F0F6 /* InfoPlist.strings */; };
		846B839117DB283F0070F0F6 /* main.m in Sources */ = {isa = PBXBuildFile; fileRef = 846B839017DB283F0070F0F6 /* main.m */; };
		846B839517DB283F0070F0F6 /* AppDelegate.m in Sources */ = {isa = PBXBuildFile; fileRef = 846B839417DB283F0070F0F6 /* AppDelegate.m */; };
		846B839E17DB283F0070F0F6 /* MainStoryboard.storyboard in Resources */ = {isa = PBXBuildFile; fileRef = 846B839C17DB283F0070F0F6 /* MainStoryboard.storyboard */; };
		846B83A117DB283F0070F0F6 /* MasterViewController.m in Sources */ = {isa = PBXBuildFile; fileRef = 846B83A017DB283F0070F0F6 /* MasterViewController.m */; };
		846B83A417DB283F0070F0F6 /* DetailViewController.m in Sources */ = {isa = PBXBuildFile; fileRef = 846B83A317DB283F0070F0F6 /* DetailViewController.m */; };
		846B83AC17DB283F0070F0F6 /* SenTestingKit.framework in Frameworks */ = {isa = PBXBuildFile; fileRef = 846B83AB17DB283F0070F0F6 /* SenTestingKit.framework */; };
		846B83AD17DB283F0070F0F6 /* UIKit.framework in Frameworks */ = {isa = PBXBuildFile; fileRef = 846B838417DB283F0070F0F6 /* UIKit.framework */; };
		846B83AE17DB283F0070F0F6 /* Foundation.framework in Frameworks */ = {isa = PBXBuildFile; fileRef = 846B838617DB283F0070F0F6 /* Foundation.framework */; };
		846B83B617DB283F0070F0F6 /* InfoPlist.strings in Resources */ = {isa = PBXBuildFile; fileRef = 846B83B417DB283F0070F0F6 /* InfoPlist.strings */; };
		846B83F017DB72950070F0F6 /* navBar_bg.png in Resources */ = {isa = PBXBuildFile; fileRef = 846B83EE17DB72950070F0F6 /* navBar_bg.png */; };
		846B83F117DB72950070F0F6 /* navBar_bg@2x.png in Resources */ = {isa = PBXBuildFile; fileRef = 846B83EF17DB72950070F0F6 /* navBar_bg@2x.png */; };
		846B83F317DB72CA0070F0F6 /* SPLogo.png in Resources */ = {isa = PBXBuildFile; fileRef = 846B83F217DB72CA0070F0F6 /* SPLogo.png */; };
		846B83F517DB730A0070F0F6 /* SPLogo@2x.png in Resources */ = {isa = PBXBuildFile; fileRef = 846B83F417DB730A0070F0F6 /* SPLogo@2x.png */; };
		846B83FE17DB77DA0070F0F6 /* Default.png in Resources */ = {isa = PBXBuildFile; fileRef = 846B83FD17DB77DA0070F0F6 /* Default.png */; };
		846B840017DB77E00070F0F6 /* Default@2x.png in Resources */ = {isa = PBXBuildFile; fileRef = 846B83FF17DB77E00070F0F6 /* Default@2x.png */; };
		846B840217DB77E50070F0F6 /* Default-568h@2x.png in Resources */ = {isa = PBXBuildFile; fileRef = 846B840117DB77E50070F0F6 /* Default-568h@2x.png */; };
/* End PBXBuildFile section */

/* Begin PBXContainerItemProxy section */
		846B83AF17DB283F0070F0F6 /* PBXContainerItemProxy */ = {
			isa = PBXContainerItemProxy;
			containerPortal = 846B837917DB283F0070F0F6 /* Project object */;
			proxyType = 1;
			remoteGlobalIDString = 846B838017DB283F0070F0F6;
			remoteInfo = SponsorPayChallenge;
		};
/* End PBXContainerItemProxy section */

/* Begin PBXFileReference section */
		8422609617E3190800F551C6 /* MBProgressHUD.m */ = {isa = PBXFileReference; fileEncoding = 4; lastKnownFileType = sourcecode.c.objc; path = MBProgressHUD.m; sourceTree = "<group>"; };
		8422609717E3190800F551C6 /* MBProgressHUD.h */ = {isa = PBXFileReference; fileEncoding = 4; lastKnownFileType = sourcecode.c.h; path = MBProgressHUD.h; sourceTree = "<group>"; };
		8433A41617DC9CCE00E9BCCE /* PersistenceManager.m */ = {isa = PBXFileReference; fileEncoding = 4; lastKnownFileType = sourcecode.c.objc; path = PersistenceManager.m; sourceTree = "<group>"; };
		8433A41717DC9CCE00E9BCCE /* DataAPI.m */ = {isa = PBXFileReference; fileEncoding = 4; lastKnownFileType = sourcecode.c.objc; path = DataAPI.m; sourceTree = "<group>"; };
		8433A41817DC9CCE00E9BCCE /* DataAPI.h */ = {isa = PBXFileReference; fileEncoding = 4; lastKnownFileType = sourcecode.c.h; path = DataAPI.h; sourceTree = "<group>"; };
		8433A41917DC9CCE00E9BCCE /* PersistenceManager.h */ = {isa = PBXFileReference; fileEncoding = 4; lastKnownFileType = sourcecode.c.h; path = PersistenceManager.h; sourceTree = "<group>"; };
		8433A41A17DC9CCE00E9BCCE /* HTTPClient.h */ = {isa = PBXFileReference; fileEncoding = 4; lastKnownFileType = sourcecode.c.h; path = HTTPClient.h; sourceTree = "<group>"; };
		8433A41B17DC9CCE00E9BCCE /* HTTPClient.m */ = {isa = PBXFileReference; fileEncoding = 4; lastKnownFileType = sourcecode.c.objc; path = HTTPClient.m; sourceTree = "<group>"; };
		8433A42317DCAA4400E9BCCE /* ParamsList.h */ = {isa = PBXFileReference; fileEncoding = 4; lastKnownFileType = sourcecode.c.h; path = ParamsList.h; sourceTree = "<group>"; };
		8433A42417DCAA4400E9BCCE /* ParamsList.m */ = {isa = PBXFileReference; fileEncoding = 4; lastKnownFileType = sourcecode.c.objc; path = ParamsList.m; sourceTree = "<group>"; };
		8433A42817DCDD6100E9BCCE /* NSString+sha1.h */ = {isa = PBXFileReference; fileEncoding = 4; lastKnownFileType = sourcecode.c.h; path = "NSString+sha1.h"; sourceTree = "<group>"; };
		8433A42917DCDD6100E9BCCE /* NSString+sha1.m */ = {isa = PBXFileReference; fileEncoding = 4; lastKnownFileType = sourcecode.c.objc; path = "NSString+sha1.m"; sourceTree = "<group>"; };
		8433A42D17DCF75D00E9BCCE /* mainLib.h */ = {isa = PBXFileReference; fileEncoding = 4; lastKnownFileType = sourcecode.c.h; path = mainLib.h; sourceTree = "<group>"; };
		8433A42E17DCF75D00E9BCCE /* mainLib.m */ = {isa = PBXFileReference; fileEncoding = 4; lastKnownFileType = sourcecode.c.objc; path = mainLib.m; sourceTree = "<group>"; };
		8445D45D17DE58C400C8A37E /* SPOffer.h */ = {isa = PBXFileReference; fileEncoding = 4; lastKnownFileType = sourcecode.c.h; path = SPOffer.h; sourceTree = "<group>"; };
		8445D45E17DE58C400C8A37E /* SPOffer.m */ = {isa = PBXFileReference; fileEncoding = 4; lastKnownFileType = sourcecode.c.objc; path = SPOffer.m; sourceTree = "<group>"; };
		8445D46517DE634200C8A37E /* OfferCell.h */ = {isa = PBXFileReference; fileEncoding = 4; lastKnownFileType = sourcecode.c.h; path = OfferCell.h; sourceTree = "<group>"; };
		8445D46617DE634200C8A37E /* OfferCell.m */ = {isa = PBXFileReference; fileEncoding = 4; lastKnownFileType = sourcecode.c.objc; path = OfferCell.m; sourceTree = "<group>"; };
		846B838117DB283F0070F0F6 /* SPChallenge.app */ = {isa = PBXFileReference; explicitFileType = wrapper.application; includeInIndex = 0; path = SPChallenge.app; sourceTree = BUILT_PRODUCTS_DIR; };
		846B838417DB283F0070F0F6 /* UIKit.framework */ = {isa = PBXFileReference; lastKnownFileType = wrapper.framework; name = UIKit.framework; path = System/Library/Frameworks/UIKit.framework; sourceTree = SDKROOT; };
		846B838617DB283F0070F0F6 /* Foundation.framework */ = {isa = PBXFileReference; lastKnownFileType = wrapper.framework; name = Foundation.framework; path = System/Library/Frameworks/Foundation.framework; sourceTree = SDKROOT; };
		846B838817DB283F0070F0F6 /* CoreGraphics.framework */ = {isa = PBXFileReference; lastKnownFileType = wrapper.framework; name = CoreGraphics.framework; path = System/Library/Frameworks/CoreGraphics.framework; sourceTree = SDKROOT; };
		846B838C17DB283F0070F0F6 /* SPChallenge-Info.plist */ = {isa = PBXFileReference; lastKnownFileType = text.plist.xml; path = "SPChallenge-Info.plist"; sourceTree = "<group>"; };
		846B838E17DB283F0070F0F6 /* en */ = {isa = PBXFileReference; lastKnownFileType = text.plist.strings; name = en; path = en.lproj/InfoPlist.strings; sourceTree = "<group>"; };
		846B839017DB283F0070F0F6 /* main.m */ = {isa = PBXFileReference; lastKnownFileType = sourcecode.c.objc; path = main.m; sourceTree = "<group>"; };
		846B839217DB283F0070F0F6 /* SPChallenge-Prefix.pch */ = {isa = PBXFileReference; lastKnownFileType = sourcecode.c.h; path = "SPChallenge-Prefix.pch"; sourceTree = "<group>"; };
		846B839317DB283F0070F0F6 /* AppDelegate.h */ = {isa = PBXFileReference; lastKnownFileType = sourcecode.c.h; path = AppDelegate.h; sourceTree = "<group>"; };
		846B839417DB283F0070F0F6 /* AppDelegate.m */ = {isa = PBXFileReference; lastKnownFileType = sourcecode.c.objc; path = AppDelegate.m; sourceTree = "<group>"; };
		846B839617DB283F0070F0F6 /* Default.png */ = {isa = PBXFileReference; lastKnownFileType = image.png; path = Default.png; sourceTree = "<group>"; };
		846B839817DB283F0070F0F6 /* Default@2x.png */ = {isa = PBXFileReference; lastKnownFileType = image.png; path = "Default@2x.png"; sourceTree = "<group>"; };
		846B839A17DB283F0070F0F6 /* Default-568h@2x.png */ = {isa = PBXFileReference; lastKnownFileType = image.png; path = "Default-568h@2x.png"; sourceTree = "<group>"; };
		846B839D17DB283F0070F0F6 /* en */ = {isa = PBXFileReference; lastKnownFileType = file.storyboard; name = en; path = en.lproj/MainStoryboard.storyboard; sourceTree = "<group>"; };
		846B839F17DB283F0070F0F6 /* MasterViewController.h */ = {isa = PBXFileReference; lastKnownFileType = sourcecode.c.h; path = MasterViewController.h; sourceTree = "<group>"; };
		846B83A017DB283F0070F0F6 /* MasterViewController.m */ = {isa = PBXFileReference; lastKnownFileType = sourcecode.c.objc; path = MasterViewController.m; sourceTree = "<group>"; };
		846B83A217DB283F0070F0F6 /* DetailViewController.h */ = {isa = PBXFileReference; lastKnownFileType = sourcecode.c.h; path = DetailViewController.h; sourceTree = "<group>"; };
		846B83A317DB283F0070F0F6 /* DetailViewController.m */ = {isa = PBXFileReference; lastKnownFileType = sourcecode.c.objc; path = DetailViewController.m; sourceTree = "<group>"; };
		846B83AA17DB283F0070F0F6 /* SPChallengeTests.octest */ = {isa = PBXFileReference; explicitFileType = wrapper.cfbundle; includeInIndex = 0; path = SPChallengeTests.octest; sourceTree = BUILT_PRODUCTS_DIR; };
		846B83AB17DB283F0070F0F6 /* SenTestingKit.framework */ = {isa = PBXFileReference; lastKnownFileType = wrapper.framework; name = SenTestingKit.framework; path = Library/Frameworks/SenTestingKit.framework; sourceTree = DEVELOPER_DIR; };
		846B83B317DB283F0070F0F6 /* SPChallengeTests-Info.plist */ = {isa = PBXFileReference; lastKnownFileType = text.plist.xml; path = "SPChallengeTests-Info.plist"; sourceTree = "<group>"; };
		846B83B517DB283F0070F0F6 /* en */ = {isa = PBXFileReference; lastKnownFileType = text.plist.strings; name = en; path = en.lproj/InfoPlist.strings; sourceTree = "<group>"; };
		846B83B717DB283F0070F0F6 /* SponsorPayChallengeTests.h */ = {isa = PBXFileReference; lastKnownFileType = sourcecode.c.h; path = SponsorPayChallengeTests.h; sourceTree = "<group>"; };
		846B83B817DB283F0070F0F6 /* SponsorPayChallengeTests.m */ = {isa = PBXFileReference; lastKnownFileType = sourcecode.c.objc; path = SponsorPayChallengeTests.m; sourceTree = "<group>"; };
		846B83EE17DB72950070F0F6 /* navBar_bg.png */ = {isa = PBXFileReference; lastKnownFileType = image.png; path = navBar_bg.png; sourceTree = "<group>"; };
		846B83EF17DB72950070F0F6 /* navBar_bg@2x.png */ = {isa = PBXFileReference; lastKnownFileType = image.png; path = "navBar_bg@2x.png"; sourceTree = "<group>"; };
		846B83F217DB72CA0070F0F6 /* SPLogo.png */ = {isa = PBXFileReference; lastKnownFileType = image.png; path = SPLogo.png; sourceTree = "<group>"; };
		846B83F417DB730A0070F0F6 /* SPLogo@2x.png */ = {isa = PBXFileReference; lastKnownFileType = image.png; path = "SPLogo@2x.png"; sourceTree = "<group>"; };
		846B83FD17DB77DA0070F0F6 /* Default.png */ = {isa = PBXFileReference; lastKnownFileType = image.png; path = Default.png; sourceTree = "<group>"; };
		846B83FF17DB77E00070F0F6 /* Default@2x.png */ = {isa = PBXFileReference; lastKnownFileType = image.png; path = "Default@2x.png"; sourceTree = "<group>"; };
		846B840117DB77E50070F0F6 /* Default-568h@2x.png */ = {isa = PBXFileReference; lastKnownFileType = image.png; path = "Default-568h@2x.png"; sourceTree = "<group>"; };
/* End PBXFileReference section */

/* Begin PBXFrameworksBuildPhase section */
		846B837E17DB283F0070F0F6 /* Frameworks */ = {
			isa = PBXFrameworksBuildPhase;
			buildActionMask = 2147483647;
			files = (
				846B838517DB283F0070F0F6 /* UIKit.framework in Frameworks */,
				846B838717DB283F0070F0F6 /* Foundation.framework in Frameworks */,
				846B838917DB283F0070F0F6 /* CoreGraphics.framework in Frameworks */,
			);
			runOnlyForDeploymentPostprocessing = 0;
		};
		846B83A617DB283F0070F0F6 /* Frameworks */ = {
			isa = PBXFrameworksBuildPhase;
			buildActionMask = 2147483647;
			files = (
				846B83AC17DB283F0070F0F6 /* SenTestingKit.framework in Frameworks */,
				846B83AD17DB283F0070F0F6 /* UIKit.framework in Frameworks */,
				846B83AE17DB283F0070F0F6 /* Foundation.framework in Frameworks */,
			);
			runOnlyForDeploymentPostprocessing = 0;
		};
/* End PBXFrameworksBuildPhase section */

/* Begin PBXGroup section */
		8422609917E3195600F551C6 /* MBProgressHUD */ = {
			isa = PBXGroup;
			children = (
				8422609617E3190800F551C6 /* MBProgressHUD.m */,
				8422609717E3190800F551C6 /* MBProgressHUD.h */,
			);
			name = MBProgressHUD;
			sourceTree = "<group>";
		};
		8433A41517DC9CB800E9BCCE /* API */ = {
			isa = PBXGroup;
			children = (
				8433A41817DC9CCE00E9BCCE /* DataAPI.h */,
				8433A41717DC9CCE00E9BCCE /* DataAPI.m */,
				8433A41A17DC9CCE00E9BCCE /* HTTPClient.h */,
				8433A41B17DC9CCE00E9BCCE /* HTTPClient.m */,
				8433A41917DC9CCE00E9BCCE /* PersistenceManager.h */,
				8433A41617DC9CCE00E9BCCE /* PersistenceManager.m */,
			);
			name = API;
			sourceTree = "<group>";
		};
		8433A42217DCAA1E00E9BCCE /* Model */ = {
			isa = PBXGroup;
			children = (
				8433A42317DCAA4400E9BCCE /* ParamsList.h */,
				8433A42417DCAA4400E9BCCE /* ParamsList.m */,
				8445D45D17DE58C400C8A37E /* SPOffer.h */,
				8445D45E17DE58C400C8A37E /* SPOffer.m */,
			);
			name = Model;
			sourceTree = "<group>";
		};
		8433A42717DCDD4300E9BCCE /* Categories */ = {
			isa = PBXGroup;
			children = (
				8433A42817DCDD6100E9BCCE /* NSString+sha1.h */,
				8433A42917DCDD6100E9BCCE /* NSString+sha1.m */,
			);
			name = Categories;
			sourceTree = "<group>";
		};
		8433A42C17DCF74A00E9BCCE /* LIB */ = {
			isa = PBXGroup;
			children = (
				8422609917E3195600F551C6 /* MBProgressHUD */,
				8433A42D17DCF75D00E9BCCE /* mainLib.h */,
				8433A42E17DCF75D00E9BCCE /* mainLib.m */,
			);
			name = LIB;
			sourceTree = "<group>";
		};
		8445D46917DE641F00C8A37E /* View */ = {
			isa = PBXGroup;
			children = (
				8445D46517DE634200C8A37E /* OfferCell.h */,
				8445D46617DE634200C8A37E /* OfferCell.m */,
			);
			name = View;
			sourceTree = "<group>";
		};
		8445D46A17DE643000C8A37E /* Controller */ = {
			isa = PBXGroup;
			children = (
				846B839F17DB283F0070F0F6 /* MasterViewController.h */,
				846B83A017DB283F0070F0F6 /* MasterViewController.m */,
				846B83A217DB283F0070F0F6 /* DetailViewController.h */,
				846B83A317DB283F0070F0F6 /* DetailViewController.m */,
			);
			name = Controller;
			sourceTree = "<group>";
		};
		846B837817DB283F0070F0F6 = {
			isa = PBXGroup;
			children = (
				846B840117DB77E50070F0F6 /* Default-568h@2x.png */,
				846B83FF17DB77E00070F0F6 /* Default@2x.png */,
				846B83FD17DB77DA0070F0F6 /* Default.png */,
				846B838A17DB283F0070F0F6 /* SponsorPayChallenge */,
				846B83B117DB283F0070F0F6 /* SponsorPayChallengeTests */,
				846B838317DB283F0070F0F6 /* Frameworks */,
				846B838217DB283F0070F0F6 /* Products */,
			);
			sourceTree = "<group>";
		};
		846B838217DB283F0070F0F6 /* Products */ = {
			isa = PBXGroup;
			children = (
				846B838117DB283F0070F0F6 /* SPChallenge.app */,
				846B83AA17DB283F0070F0F6 /* SPChallengeTests.octest */,
			);
			name = Products;
			sourceTree = "<group>";
		};
		846B838317DB283F0070F0F6 /* Frameworks */ = {
			isa = PBXGroup;
			children = (
				846B838417DB283F0070F0F6 /* UIKit.framework */,
				846B838617DB283F0070F0F6 /* Foundation.framework */,
				846B838817DB283F0070F0F6 /* CoreGraphics.framework */,
				846B83AB17DB283F0070F0F6 /* SenTestingKit.framework */,
			);
			name = Frameworks;
			sourceTree = "<group>";
		};
		846B838A17DB283F0070F0F6 /* SponsorPayChallenge */ = {
			isa = PBXGroup;
			children = (
				846B839317DB283F0070F0F6 /* AppDelegate.h */,
				846B839417DB283F0070F0F6 /* AppDelegate.m */,
				846B839C17DB283F0070F0F6 /* MainStoryboard.storyboard */,
				8445D46A17DE643000C8A37E /* Controller */,
				8445D46917DE641F00C8A37E /* View */,
				8433A42217DCAA1E00E9BCCE /* Model */,
				8433A41517DC9CB800E9BCCE /* API */,
				8433A42C17DCF74A00E9BCCE /* LIB */,
				8433A42717DCDD4300E9BCCE /* Categories */,
				846B838B17DB283F0070F0F6 /* Supporting Files */,
			);
			path = SponsorPayChallenge;
			sourceTree = "<group>";
		};
		846B838B17DB283F0070F0F6 /* Supporting Files */ = {
			isa = PBXGroup;
			children = (
				846B83E117DB6EC50070F0F6 /* Images */,
				846B838C17DB283F0070F0F6 /* SPChallenge-Info.plist */,
				846B838D17DB283F0070F0F6 /* InfoPlist.strings */,
				846B839017DB283F0070F0F6 /* main.m */,
				846B839217DB283F0070F0F6 /* SPChallenge-Prefix.pch */,
				846B839617DB283F0070F0F6 /* Default.png */,
				846B839817DB283F0070F0F6 /* Default@2x.png */,
				846B839A17DB283F0070F0F6 /* Default-568h@2x.png */,
			);
			name = "Supporting Files";
			sourceTree = "<group>";
		};
		846B83B117DB283F0070F0F6 /* SponsorPayChallengeTests */ = {
			isa = PBXGroup;
			children = (
				846B83B717DB283F0070F0F6 /* SponsorPayChallengeTests.h */,
				846B83B817DB283F0070F0F6 /* SponsorPayChallengeTests.m */,
				846B83B217DB283F0070F0F6 /* Supporting Files */,
			);
			path = SponsorPayChallengeTests;
			sourceTree = "<group>";
		};
		846B83B217DB283F0070F0F6 /* Supporting Files */ = {
			isa = PBXGroup;
			children = (
				846B83B317DB283F0070F0F6 /* SPChallengeTests-Info.plist */,
				846B83B417DB283F0070F0F6 /* InfoPlist.strings */,
			);
			name = "Supporting Files";
			sourceTree = "<group>";
		};
		846B83E117DB6EC50070F0F6 /* Images */ = {
			isa = PBXGroup;
			children = (
				846B83EE17DB72950070F0F6 /* navBar_bg.png */,
				846B83EF17DB72950070F0F6 /* navBar_bg@2x.png */,
				846B83F217DB72CA0070F0F6 /* SPLogo.png */,
				846B83F417DB730A0070F0F6 /* SPLogo@2x.png */,
			);
			name = Images;
			sourceTree = "<group>";
		};
/* End PBXGroup section */

/* Begin PBXNativeTarget section */
		846B838017DB283F0070F0F6 /* SPChallenge */ = {
			isa = PBXNativeTarget;
			buildConfigurationList = 846B83BC17DB283F0070F0F6 /* Build configuration list for PBXNativeTarget "SPChallenge" */;
			buildPhases = (
				846B837D17DB283F0070F0F6 /* Sources */,
				846B837E17DB283F0070F0F6 /* Frameworks */,
				846B837F17DB283F0070F0F6 /* Resources */,
			);
			buildRules = (
			);
			dependencies = (
			);
			name = SPChallenge;
			productName = SponsorPayChallenge;
			productReference = 846B838117DB283F0070F0F6 /* SPChallenge.app */;
			productType = "com.apple.product-type.application";
		};
		846B83A917DB283F0070F0F6 /* SPChallengeTests */ = {
			isa = PBXNativeTarget;
			buildConfigurationList = 846B83BF17DB283F0070F0F6 /* Build configuration list for PBXNativeTarget "SPChallengeTests" */;
			buildPhases = (
				846B83A517DB283F0070F0F6 /* Sources */,
				846B83A617DB283F0070F0F6 /* Frameworks */,
				846B83A717DB283F0070F0F6 /* Resources */,
				846B83A817DB283F0070F0F6 /* ShellScript */,
			);
			buildRules = (
			);
			dependencies = (
				846B83B017DB283F0070F0F6 /* PBXTargetDependency */,
			);
			name = SPChallengeTests;
			productName = SponsorPayChallengeTests;
			productReference = 846B83AA17DB283F0070F0F6 /* SPChallengeTests.octest */;
			productType = "com.apple.product-type.bundle";
		};
/* End PBXNativeTarget section */

/* Begin PBXProject section */
		846B837917DB283F0070F0F6 /* Project object */ = {
			isa = PBXProject;
			attributes = {
				LastUpgradeCheck = 0460;
				ORGANIZATIONNAME = "Viktor Shcherban";
			};
			buildConfigurationList = 846B837C17DB283F0070F0F6 /* Build configuration list for PBXProject "SPChallenge" */;
			compatibilityVersion = "Xcode 3.2";
			developmentRegion = English;
			hasScannedForEncodings = 0;
			knownRegions = (
				en,
			);
			mainGroup = 846B837817DB283F0070F0F6;
			productRefGroup = 846B838217DB283F0070F0F6 /* Products */;
			projectDirPath = "";
			projectRoot = "";
			targets = (
				846B838017DB283F0070F0F6 /* SPChallenge */,
				846B83A917DB283F0070F0F6 /* SPChallengeTests */,
			);
		};
/* End PBXProject section */

/* Begin PBXResourcesBuildPhase section */
		846B837F17DB283F0070F0F6 /* Resources */ = {
			isa = PBXResourcesBuildPhase;
			buildActionMask = 2147483647;
			files = (
				8422604217E3067300F551C6 /* SPChallengeTests-Info.plist in Resources */,
				846B838F17DB283F0070F0F6 /* InfoPlist.strings in Resources */,
				846B839E17DB283F0070F0F6 /* MainStoryboard.storyboard in Resources */,
				846B83F017DB72950070F0F6 /* navBar_bg.png in Resources */,
				846B83F117DB72950070F0F6 /* navBar_bg@2x.png in Resources */,
				846B83F317DB72CA0070F0F6 /* SPLogo.png in Resources */,
				846B83F517DB730A0070F0F6 /* SPLogo@2x.png in Resources */,
				846B83FE17DB77DA0070F0F6 /* Default.png in Resources */,
				846B840017DB77E00070F0F6 /* Default@2x.png in Resources */,
				846B840217DB77E50070F0F6 /* Default-568h@2x.png in Resources */,
			);
			runOnlyForDeploymentPostprocessing = 0;
		};
		846B83A717DB283F0070F0F6 /* Resources */ = {
			isa = PBXResourcesBuildPhase;
			buildActionMask = 2147483647;
			files = (
				846B83B617DB283F0070F0F6 /* InfoPlist.strings in Resources */,
			);
			runOnlyForDeploymentPostprocessing = 0;
		};
/* End PBXResourcesBuildPhase section */

/* Begin PBXShellScriptBuildPhase section */
		846B83A817DB283F0070F0F6 /* ShellScript */ = {
			isa = PBXShellScriptBuildPhase;
			buildActionMask = 2147483647;
			files = (
			);
			inputPaths = (
			);
			outputPaths = (
			);
			runOnlyForDeploymentPostprocessing = 0;
			shellPath = /bin/sh;
			shellScript = "# Run the unit tests in this test bundle.\n\"${SYSTEM_DEVELOPER_DIR}/Tools/RunUnitTests\"\n";
		};
/* End PBXShellScriptBuildPhase section */

/* Begin PBXSourcesBuildPhase section */
		846B837D17DB283F0070F0F6 /* Sources */ = {
			isa = PBXSourcesBuildPhase;
			buildActionMask = 2147483647;
			files = (
				846B839117DB283F0070F0F6 /* main.m in Sources */,
				846B839517DB283F0070F0F6 /* AppDelegate.m in Sources */,
				846B83A117DB283F0070F0F6 /* MasterViewController.m in Sources */,
				846B83A417DB283F0070F0F6 /* DetailViewController.m in Sources */,
				8433A41C17DC9CCE00E9BCCE /* PersistenceManager.m in Sources */,
				8433A41E17DC9CCE00E9BCCE /* DataAPI.m in Sources */,
				8433A42017DC9CCE00E9BCCE /* HTTPClient.m in Sources */,
				8433A42517DCAA4400E9BCCE /* ParamsList.m in Sources */,
				8433A42A17DCDD6100E9BCCE /* NSString+sha1.m in Sources */,
				8433A42F17DCF75D00E9BCCE /* mainLib.m in Sources */,
				8445D45F17DE58C400C8A37E /* SPOffer.m in Sources */,
				8445D46717DE634300C8A37E /* OfferCell.m in Sources */,
				8422609817E3190800F551C6 /* MBProgressHUD.m in Sources */,
			);
			runOnlyForDeploymentPostprocessing = 0;
		};
		846B83A517DB283F0070F0F6 /* Sources */ = {
			isa = PBXSourcesBuildPhase;
			buildActionMask = 2147483647;
			files = (
				8422609517E3181000F551C6 /* SponsorPayChallengeTests.m in Sources */,
			);
			runOnlyForDeploymentPostprocessing = 0;
		};
/* End PBXSourcesBuildPhase section */

/* Begin PBXTargetDependency section */
		846B83B017DB283F0070F0F6 /* PBXTargetDependency */ = {
			isa = PBXTargetDependency;
			target = 846B838017DB283F0070F0F6 /* SPChallenge */;
			targetProxy = 846B83AF17DB283F0070F0F6 /* PBXContainerItemProxy */;
		};
/* End PBXTargetDependency section */

/* Begin PBXVariantGroup section */
		846B838D17DB283F0070F0F6 /* InfoPlist.strings */ = {
			isa = PBXVariantGroup;
			children = (
				846B838E17DB283F0070F0F6 /* en */,
			);
			name = InfoPlist.strings;
			sourceTree = "<group>";
		};
		846B839C17DB283F0070F0F6 /* MainStoryboard.storyboard */ = {
			isa = PBXVariantGroup;
			children = (
				846B839D17DB283F0070F0F6 /* en */,
			);
			name = MainStoryboard.storyboard;
			sourceTree = "<group>";
		};
		846B83B417DB283F0070F0F6 /* InfoPlist.strings */ = {
			isa = PBXVariantGroup;
			children = (
				846B83B517DB283F0070F0F6 /* en */,
			);
			name = InfoPlist.strings;
			sourceTree = "<group>";
		};
/* End PBXVariantGroup section */

/* Begin XCBuildConfiguration section */
		846B83BA17DB283F0070F0F6 /* Debug */ = {
			isa = XCBuildConfiguration;
			buildSettings = {
				ALWAYS_SEARCH_USER_PATHS = NO;
				CLANG_CXX_LANGUAGE_STANDARD = "gnu++0x";
				CLANG_CXX_LIBRARY = "libc++";
				CLANG_ENABLE_OBJC_ARC = YES;
				CLANG_WARN_CONSTANT_CONVERSION = YES;
				CLANG_WARN_EMPTY_BODY = YES;
				CLANG_WARN_ENUM_CONVERSION = YES;
				CLANG_WARN_INT_CONVERSION = YES;
				CLANG_WARN__DUPLICATE_METHOD_MATCH = YES;
				"CODE_SIGN_IDENTITY[sdk=iphoneos*]" = "iPhone Developer";
				COPY_PHASE_STRIP = NO;
				GCC_C_LANGUAGE_STANDARD = gnu99;
				GCC_DYNAMIC_NO_PIC = NO;
				GCC_OPTIMIZATION_LEVEL = 0;
				GCC_PREPROCESSOR_DEFINITIONS = (
					"DEBUG=1",
					"$(inherited)",
				);
				GCC_SYMBOLS_PRIVATE_EXTERN = NO;
				GCC_WARN_ABOUT_RETURN_TYPE = YES;
				GCC_WARN_UNINITIALIZED_AUTOS = YES;
				GCC_WARN_UNUSED_VARIABLE = YES;
				IPHONEOS_DEPLOYMENT_TARGET = 6.1;
				ONLY_ACTIVE_ARCH = YES;
				SDKROOT = iphoneos;
			};
			name = Debug;
		};
		846B83BB17DB283F0070F0F6 /* Release */ = {
			isa = XCBuildConfiguration;
			buildSettings = {
				ALWAYS_SEARCH_USER_PATHS = NO;
				CLANG_CXX_LANGUAGE_STANDARD = "gnu++0x";
				CLANG_CXX_LIBRARY = "libc++";
				CLANG_ENABLE_OBJC_ARC = YES;
				CLANG_WARN_CONSTANT_CONVERSION = YES;
				CLANG_WARN_EMPTY_BODY = YES;
				CLANG_WARN_ENUM_CONVERSION = YES;
				CLANG_WARN_INT_CONVERSION = YES;
				CLANG_WARN__DUPLICATE_METHOD_MATCH = YES;
				"CODE_SIGN_IDENTITY[sdk=iphoneos*]" = "iPhone Developer";
				COPY_PHASE_STRIP = YES;
				GCC_C_LANGUAGE_STANDARD = gnu99;
				GCC_WARN_ABOUT_RETURN_TYPE = YES;
				GCC_WARN_UNINITIALIZED_AUTOS = YES;
				GCC_WARN_UNUSED_VARIABLE = YES;
				IPHONEOS_DEPLOYMENT_TARGET = 6.1;
				OTHER_CFLAGS = "-DNS_BLOCK_ASSERTIONS=1";
				SDKROOT = iphoneos;
				VALIDATE_PRODUCT = YES;
			};
			name = Release;
		};
		846B83BD17DB283F0070F0F6 /* Debug */ = {
			isa = XCBuildConfiguration;
			buildSettings = {
				CODE_SIGN_IDENTITY = "iPhone Developer: Victor Scherban (28UEGY86A2)";
				GCC_PRECOMPILE_PREFIX_HEADER = YES;
				GCC_PREFIX_HEADER = "SponsorPayChallenge/SPChallenge-Prefix.pch";
				INFOPLIST_FILE = "SponsorPayChallenge/SPChallenge-Info.plist";
				IPHONEOS_DEPLOYMENT_TARGET = 5.0;
				PRODUCT_NAME = SPChallenge;
				PROVISIONING_PROFILE = "ECCFD4AC-625B-412A-9E4D-42481FA98AE9";
				WRAPPER_EXTENSION = app;
			};
			name = Debug;
		};
		846B83BE17DB283F0070F0F6 /* Release */ = {
			isa = XCBuildConfiguration;
			buildSettings = {
				CODE_SIGN_IDENTITY = "iPhone Developer: Victor Scherban (28UEGY86A2)";
				GCC_PRECOMPILE_PREFIX_HEADER = YES;
				GCC_PREFIX_HEADER = "SponsorPayChallenge/SPChallenge-Prefix.pch";
				INFOPLIST_FILE = "SponsorPayChallenge/SPChallenge-Info.plist";
				IPHONEOS_DEPLOYMENT_TARGET = 5.0;
				PRODUCT_NAME = SPChallenge;
				PROVISIONING_PROFILE = "ECCFD4AC-625B-412A-9E4D-42481FA98AE9";
				WRAPPER_EXTENSION = app;
			};
			name = Release;
		};
		846B83C017DB283F0070F0F6 /* Debug */ = {
			isa = XCBuildConfiguration;
			buildSettings = {
				BUNDLE_LOADER = "$(BUILT_PRODUCTS_DIR)/SPChallenge.app/SPChallenge";
				FRAMEWORK_SEARCH_PATHS = (
					"\"$(SDKROOT)/Developer/Library/Frameworks\"",
					"\"$(DEVELOPER_LIBRARY_DIR)/Frameworks\"",
				);
				GCC_PRECOMPILE_PREFIX_HEADER = YES;
				GCC_PREFIX_HEADER = "SponsorPayChallenge/SPChallenge-Prefix.pch";
				INFOPLIST_FILE = "SponsorPayChallengeTests/SPChallengeTests-Info.plist";
				PRODUCT_NAME = SPChallengeTests;
				TEST_HOST = "$(BUNDLE_LOADER)";
				WRAPPER_EXTENSION = octest;
			};
			name = Debug;
		};
		846B83C117DB283F0070F0F6 /* Release */ = {
			isa = XCBuildConfiguration;
			buildSettings = {
				BUNDLE_LOADER = "$(BUILT_PRODUCTS_DIR)/SPChallenge.app/SPChallenge";
				FRAMEWORK_SEARCH_PATHS = (
					"\"$(SDKROOT)/Developer/Library/Frameworks\"",
					"\"$(DEVELOPER_LIBRARY_DIR)/Frameworks\"",
				);
				GCC_PRECOMPILE_PREFIX_HEADER = YES;
				GCC_PREFIX_HEADER = "SponsorPayChallenge/SPChallenge-Prefix.pch";
				INFOPLIST_FILE = "SponsorPayChallengeTests/SPChallengeTests-Info.plist";
				PRODUCT_NAME = SPChallengeTests;
				TEST_HOST = "$(BUNDLE_LOADER)";
				WRAPPER_EXTENSION = octest;
			};
			name = Release;
		};
/* End XCBuildConfiguration section */

/* Begin XCConfigurationList section */
		846B837C17DB283F0070F0F6 /* Build configuration list for PBXProject "SPChallenge" */ = {
			isa = XCConfigurationList;
			buildConfigurations = (
				846B83BA17DB283F0070F0F6 /* Debug */,
				846B83BB17DB283F0070F0F6 /* Release */,
			);
			defaultConfigurationIsVisible = 0;
			defaultConfigurationName = Release;
		};
		846B83BC17DB283F0070F0F6 /* Build configuration list for PBXNativeTarget "SPChallenge" */ = {
			isa = XCConfigurationList;
			buildConfigurations = (
				846B83BD17DB283F0070F0F6 /* Debug */,
				846B83BE17DB283F0070F0F6 /* Release */,
			);
			defaultConfigurationIsVisible = 0;
			defaultConfigurationName = Release;
		};
		846B83BF17DB283F0070F0F6 /* Build configuration list for PBXNativeTarget "SPChallengeTests" */ = {
			isa = XCConfigurationList;
			buildConfigurations = (
				846B83C017DB283F0070F0F6 /* Debug */,
				846B83C117DB283F0070F0F6 /* Release */,
			);
			defaultConfigurationIsVisible = 0;
			defaultConfigurationName = Release;
		};
/* End XCConfigurationList section */
	};
	rootObject = 846B837917DB283F0070F0F6 /* Project object */;
}
